
Microsoft Visual Studio Solution File, Format Version 12.00
# Visual Studio Version 16
VisualStudioVersion = 16.0.29209.62
MinimumVisualStudioVersion = 10.0.40219.1
Project("{FAE04EC0-301F-11D3-BF4B-00C04F79EFBC}") = "Catering.UWP", "Catering\Catering.UWP\Catering.UWP.csproj", "{35907A01-543C-47E0-A344-3867FE65EC08}"
EndProject
Project("{FAE04EC0-301F-11D3-BF4B-00C04F79EFBC}") = "Catering.Android", "Catering\Catering.Android\Catering.Android.csproj", "{963DA438-6FA5-4469-8689-34C3683AD840}"
EndProject
Project("{FAE04EC0-301F-11D3-BF4B-00C04F79EFBC}") = "Catering.iOS", "Catering\Catering.iOS\Catering.iOS.csproj", "{538770D1-C7F0-4DE4-9D1A-1EF89048DA9D}"
EndProject
Project("{FAE04EC0-301F-11D3-BF4B-00C04F79EFBC}") = "Catering", "Catering\Catering\Catering.csproj", "{2236000B-C5C7-48E4-BBEE-383370694DC9}"
EndProject
Global
	GlobalSection(SolutionConfigurationPlatforms) = preSolution
		Debug|Any CPU = Debug|Any CPU
		Debug|ARM = Debug|ARM
		Debug|iPhone = Debug|iPhone
		Debug|iPhoneSimulator = Debug|iPhoneSimulator
		Debug|x64 = Debug|x64
		Debug|x86 = Debug|x86
		Release|Any CPU = Release|Any CPU
		Release|ARM = Release|ARM
		Release|iPhone = Release|iPhone
		Release|iPhoneSimulator = Release|iPhoneSimulator
		Release|x64 = Release|x64
		Release|x86 = Release|x86
	EndGlobalSection
	GlobalSection(ProjectConfigurationPlatforms) = postSolution
		{35907A01-543C-47E0-A344-3867FE65EC08}.Debug|Any CPU.ActiveCfg = Debug|x86
		{35907A01-543C-47E0-A344-3867FE65EC08}.Debug|Any CPU.Build.0 = Debug|x86
		{35907A01-543C-47E0-A344-3867FE65EC08}.Debug|Any CPU.Deploy.0 = Debug|x86
		{35907A01-543C-47E0-A344-3867FE65EC08}.Debug|ARM.ActiveCfg = Debug|ARM
		{35907A01-543C-47E0-A344-3867FE65EC08}.Debug|ARM.Build.0 = Debug|ARM
		{35907A01-543C-47E0-A344-3867FE65EC08}.Debug|ARM.Deploy.0 = Debug|ARM
		{35907A01-543C-47E0-A344-3867FE65EC08}.Debug|iPhone.ActiveCfg = Debug|x86
		{35907A01-543C-47E0-A344-3867FE65EC08}.Debug|iPhone.Build.0 = Debug|x86
		{35907A01-543C-47E0-A344-3867FE65EC08}.Debug|iPhone.Deploy.0 = Debug|x86
		{35907A01-543C-47E0-A344-3867FE65EC08}.Debug|iPhoneSimulator.ActiveCfg = Debug|x86
		{35907A01-543C-47E0-A344-3867FE65EC08}.Debug|iPhoneSimulator.Build.0 = Debug|x86
		{35907A01-543C-47E0-A344-3867FE65EC08}.Debug|iPhoneSimulator.Deploy.0 = Debug|x86
		{35907A01-543C-47E0-A344-3867FE65EC08}.Debug|x64.ActiveCfg = Debug|x64
		{35907A01-543C-47E0-A344-3867FE65EC08}.Debug|x64.Build.0 = Debug|x64
		{35907A01-543C-47E0-A344-3867FE65EC08}.Debug|x64.Deploy.0 = Debug|x64
		{35907A01-543C-47E0-A344-3867FE65EC08}.Debug|x86.ActiveCfg = Debug|x86
		{35907A01-543C-47E0-A344-3867FE65EC08}.Debug|x86.Build.0 = Debug|x86
		{35907A01-543C-47E0-A344-3867FE65EC08}.Debug|x86.Deploy.0 = Debug|x86
		{35907A01-543C-47E0-A344-3867FE65EC08}.Release|Any CPU.ActiveCfg = Release|x86
		{35907A01-543C-47E0-A344-3867FE65EC08}.Release|Any CPU.Build.0 = Release|x86
		{35907A01-543C-47E0-A344-3867FE65EC08}.Release|Any CPU.Deploy.0 = Release|x86
		{35907A01-543C-47E0-A344-3867FE65EC08}.Release|ARM.ActiveCfg = Release|ARM
		{35907A01-543C-47E0-A344-3867FE65EC08}.Release|ARM.Build.0 = Release|ARM
		{35907A01-543C-47E0-A344-3867FE65EC08}.Release|ARM.Deploy.0 = Release|ARM
		{35907A01-543C-47E0-A344-3867FE65EC08}.Release|iPhone.ActiveCfg = Release|x86
		{35907A01-543C-47E0-A344-3867FE65EC08}.Release|iPhone.Build.0 = Release|x86
		{35907A01-543C-47E0-A344-3867FE65EC08}.Release|iPhone.Deploy.0 = Release|x86
		{35907A01-543C-47E0-A344-3867FE65EC08}.Release|iPhoneSimulator.ActiveCfg = Release|x86
		{35907A01-543C-47E0-A344-3867FE65EC08}.Release|iPhoneSimulator.Build.0 = Release|x86
		{35907A01-543C-47E0-A344-3867FE65EC08}.Release|iPhoneSimulator.Deploy.0 = Release|x86
		{35907A01-543C-47E0-A344-3867FE65EC08}.Release|x64.ActiveCfg = Release|x64
		{35907A01-543C-47E0-A344-3867FE65EC08}.Release|x64.Build.0 = Release|x64
		{35907A01-543C-47E0-A344-3867FE65EC08}.Release|x64.Deploy.0 = Release|x64
		{35907A01-543C-47E0-A344-3867FE65EC08}.Release|x86.ActiveCfg = Release|x86
		{35907A01-543C-47E0-A344-3867FE65EC08}.Release|x86.Build.0 = Release|x86
		{35907A01-543C-47E0-A344-3867FE65EC08}.Release|x86.Deploy.0 = Release|x86
		{963DA438-6FA5-4469-8689-34C3683AD840}.Debug|Any CPU.ActiveCfg = Debug|Any CPU
		{963DA438-6FA5-4469-8689-34C3683AD840}.Debug|Any CPU.Build.0 = Debug|Any CPU
		{963DA438-6FA5-4469-8689-34C3683AD840}.Debug|Any CPU.Deploy.0 = Debug|Any CPU
		{963DA438-6FA5-4469-8689-34C3683AD840}.Debug|ARM.ActiveCfg = Debug|Any CPU
		{963DA438-6FA5-4469-8689-34C3683AD840}.Debug|ARM.Build.0 = Debug|Any CPU
		{963DA438-6FA5-4469-8689-34C3683AD840}.Debug|ARM.Deploy.0 = Debug|Any CPU
		{963DA438-6FA5-4469-8689-34C3683AD840}.Debug|iPhone.ActiveCfg = Debug|Any CPU
		{963DA438-6FA5-4469-8689-34C3683AD840}.Debug|iPhone.Build.0 = Debug|Any CPU
		{963DA438-6FA5-4469-8689-34C3683AD840}.Debug|iPhone.Deploy.0 = Debug|Any CPU
		{963DA438-6FA5-4469-8689-34C3683AD840}.Debug|iPhoneSimulator.ActiveCfg = Debug|Any CPU
		{963DA438-6FA5-4469-8689-34C3683AD840}.Debug|iPhoneSimulator.Build.0 = Debug|Any CPU
		{963DA438-6FA5-4469-8689-34C3683AD840}.Debug|iPhoneSimulator.Deploy.0 = Debug|Any CPU
		{963DA438-6FA5-4469-8689-34C3683AD840}.Debug|x64.ActiveCfg = Debug|Any CPU
		{963DA438-6FA5-4469-8689-34C3683AD840}.Debug|x64.Build.0 = Debug|Any CPU
		{963DA438-6FA5-4469-8689-34C3683AD840}.Debug|x64.Deploy.0 = Debug|Any CPU
		{963DA438-6FA5-4469-8689-34C3683AD840}.Debug|x86.ActiveCfg = Debug|Any CPU
		{963DA438-6FA5-4469-8689-34C3683AD840}.Debug|x86.Build.0 = Debug|Any CPU
		{963DA438-6FA5-4469-8689-34C3683AD840}.Debug|x86.Deploy.0 = Debug|Any CPU
		{963DA438-6FA5-4469-8689-34C3683AD840}.Release|Any CPU.ActiveCfg = Release|Any CPU
		{963DA438-6FA5-4469-8689-34C3683AD840}.Release|Any CPU.Build.0 = Release|Any CPU
		{963DA438-6FA5-4469-8689-34C3683AD840}.Release|Any CPU.Deploy.0 = Release|Any CPU
		{963DA438-6FA5-4469-8689-34C3683AD840}.Release|ARM.ActiveCfg = Release|Any CPU
		{963DA438-6FA5-4469-8689-34C3683AD840}.Release|ARM.Build.0 = Release|Any CPU
		{963DA438-6FA5-4469-8689-34C3683AD840}.Release|ARM.Deploy.0 = Release|Any CPU
		{963DA438-6FA5-4469-8689-34C3683AD840}.Release|iPhone.ActiveCfg = Release|Any CPU
		{963DA438-6FA5-4469-8689-34C3683AD840}.Release|iPhone.Build.0 = Release|Any CPU
		{963DA438-6FA5-4469-8689-34C3683AD840}.Release|iPhone.Deploy.0 = Release|Any CPU
		{963DA438-6FA5-4469-8689-34C3683AD840}.Release|iPhoneSimulator.ActiveCfg = Release|Any CPU
		{963DA438-6FA5-4469-8689-34C3683AD840}.Release|iPhoneSimulator.Build.0 = Release|Any CPU
		{963DA438-6FA5-4469-8689-34C3683AD840}.Release|iPhoneSimulator.Deploy.0 = Release|Any CPU
		{963DA438-6FA5-4469-8689-34C3683AD840}.Release|x64.ActiveCfg = Release|Any CPU
		{963DA438-6FA5-4469-8689-34C3683AD840}.Release|x64.Build.0 = Release|Any CPU
		{963DA438-6FA5-4469-8689-34C3683AD840}.Release|x64.Deploy.0 = Release|Any CPU
		{963DA438-6FA5-4469-8689-34C3683AD840}.Release|x86.ActiveCfg = Release|Any CPU
		{963DA438-6FA5-4469-8689-34C3683AD840}.Release|x86.Build.0 = Release|Any CPU
		{963DA438-6FA5-4469-8689-34C3683AD840}.Release|x86.Deploy.0 = Release|Any CPU
		{538770D1-C7F0-4DE4-9D1A-1EF89048DA9D}.Debug|Any CPU.ActiveCfg = Debug|iPhone
		{538770D1-C7F0-4DE4-9D1A-1EF89048DA9D}.Debug|Any CPU.Build.0 = Debug|iPhone
		{538770D1-C7F0-4DE4-9D1A-1EF89048DA9D}.Debug|Any CPU.Deploy.0 = Debug|iPhone
		{538770D1-C7F0-4DE4-9D1A-1EF89048DA9D}.Debug|ARM.ActiveCfg = Debug|iPhoneSimulator
		{538770D1-C7F0-4DE4-9D1A-1EF89048DA9D}.Debug|ARM.Build.0 = Debug|iPhoneSimulator
		{538770D1-C7F0-4DE4-9D1A-1EF89048DA9D}.Debug|ARM.Deploy.0 = Debug|iPhoneSimulator
		{538770D1-C7F0-4DE4-9D1A-1EF89048DA9D}.Debug|iPhone.ActiveCfg = Debug|iPhone
		{538770D1-C7F0-4DE4-9D1A-1EF89048DA9D}.Debug|iPhone.Build.0 = Debug|iPhone
		{538770D1-C7F0-4DE4-9D1A-1EF89048DA9D}.Debug|iPhone.Deploy.0 = Debug|iPhone
		{538770D1-C7F0-4DE4-9D1A-1EF89048DA9D}.Debug|iPhoneSimulator.ActiveCfg = Debug|iPhoneSimulator
		{538770D1-C7F0-4DE4-9D1A-1EF89048DA9D}.Debug|iPhoneSimulator.Build.0 = Debug|iPhoneSimulator
		{538770D1-C7F0-4DE4-9D1A-1EF89048DA9D}.Debug|iPhoneSimulator.Deploy.0 = Debug|iPhoneSimulator
		{538770D1-C7F0-4DE4-9D1A-1EF89048DA9D}.Debug|x64.ActiveCfg = Debug|iPhone
		{538770D1-C7F0-4DE4-9D1A-1EF89048DA9D}.Debug|x64.Build.0 = Debug|iPhone
		{538770D1-C7F0-4DE4-9D1A-1EF89048DA9D}.Debug|x64.Deploy.0 = Debug|iPhone
		{538770D1-C7F0-4DE4-9D1A-1EF89048DA9D}.Debug|x86.ActiveCfg = Debug|iPhone
		{538770D1-C7F0-4DE4-9D1A-1EF89048DA9D}.Debug|x86.Build.0 = Debug|iPhone
		{538770D1-C7F0-4DE4-9D1A-1EF89048DA9D}.Debug|x86.Deploy.0 = Debug|iPhone
		{538770D1-C7F0-4DE4-9D1A-1EF89048DA9D}.Release|Any CPU.ActiveCfg = Release|iPhone
		{538770D1-C7F0-4DE4-9D1A-1EF89048DA9D}.Release|Any CPU.Build.0 = Release|iPhone
		{538770D1-C7F0-4DE4-9D1A-1EF89048DA9D}.Release|Any CPU.Deploy.0 = Release|iPhone
		{538770D1-C7F0-4DE4-9D1A-1EF89048DA9D}.Release|ARM.ActiveCfg = Release|iPhone
		{538770D1-C7F0-4DE4-9D1A-1EF89048DA9D}.Release|ARM.Build.0 = Release|iPhone
		{538770D1-C7F0-4DE4-9D1A-1EF89048DA9D}.Release|ARM.Deploy.0 = Release|iPhone
		{538770D1-C7F0-4DE4-9D1A-1EF89048DA9D}.Release|iPhone.ActiveCfg = Release|iPhone
		{538770D1-C7F0-4DE4-9D1A-1EF89048DA9D}.Release|iPhone.Build.0 = Release|iPhone
		{538770D1-C7F0-4DE4-9D1A-1EF89048DA9D}.Release|iPhone.Deploy.0 = Release|iPhone
		{538770D1-C7F0-4DE4-9D1A-1EF89048DA9D}.Release|iPhoneSimulator.ActiveCfg = Release|iPhoneSimulator
		{538770D1-C7F0-4DE4-9D1A-1EF89048DA9D}.Release|iPhoneSimulator.Build.0 = Release|iPhoneSimulator
		{538770D1-C7F0-4DE4-9D1A-1EF89048DA9D}.Release|iPhoneSimulator.Deploy.0 = Release|iPhoneSimulator
		{538770D1-C7F0-4DE4-9D1A-1EF89048DA9D}.Release|x64.ActiveCfg = Release|iPhone
		{538770D1-C7F0-4DE4-9D1A-1EF89048DA9D}.Release|x64.Build.0 = Release|iPhone
		{538770D1-C7F0-4DE4-9D1A-1EF89048DA9D}.Release|x64.Deploy.0 = Release|iPhone
		{538770D1-C7F0-4DE4-9D1A-1EF89048DA9D}.Release|x86.ActiveCfg = Release|iPhone
		{538770D1-C7F0-4DE4-9D1A-1EF89048DA9D}.Release|x86.Build.0 = Release|iPhone
		{538770D1-C7F0-4DE4-9D1A-1EF89048DA9D}.Release|x86.Deploy.0 = Release|iPhone
		{2236000B-C5C7-48E4-BBEE-383370694DC9}.Debug|Any CPU.ActiveCfg = Debug|Any CPU
		{2236000B-C5C7-48E4-BBEE-383370694DC9}.Debug|Any CPU.Build.0 = Debug|Any CPU
		{2236000B-C5C7-48E4-BBEE-383370694DC9}.Debug|Any CPU.Deploy.0 = Debug|Any CPU
		{2236000B-C5C7-48E4-BBEE-383370694DC9}.Debug|ARM.ActiveCfg = Debug|Any CPU
		{2236000B-C5C7-48E4-BBEE-383370694DC9}.Debug|ARM.Build.0 = Debug|Any CPU
		{2236000B-C5C7-48E4-BBEE-383370694DC9}.Debug|ARM.Deploy.0 = Debug|Any CPU
		{2236000B-C5C7-48E4-BBEE-383370694DC9}.Debug|iPhone.ActiveCfg = Debug|Any CPU
		{2236000B-C5C7-48E4-BBEE-383370694DC9}.Debug|iPhone.Build.0 = Debug|Any CPU
		{2236000B-C5C7-48E4-BBEE-383370694DC9}.Debug|iPhone.Deploy.0 = Debug|Any CPU
		{2236000B-C5C7-48E4-BBEE-383370694DC9}.Debug|iPhoneSimulator.ActiveCfg = Debug|Any CPU
		{2236000B-C5C7-48E4-BBEE-383370694DC9}.Debug|iPhoneSimulator.Build.0 = Debug|Any CPU
		{2236000B-C5C7-48E4-BBEE-383370694DC9}.Debug|iPhoneSimulator.Deploy.0 = Debug|Any CPU
		{2236000B-C5C7-48E4-BBEE-383370694DC9}.Debug|x64.ActiveCfg = Debug|Any CPU
		{2236000B-C5C7-48E4-BBEE-383370694DC9}.Debug|x64.Build.0 = Debug|Any CPU
		{2236000B-C5C7-48E4-BBEE-383370694DC9}.Debug|x64.Deploy.0 = Debug|Any CPU
		{2236000B-C5C7-48E4-BBEE-383370694DC9}.Debug|x86.ActiveCfg = Debug|Any CPU
		{2236000B-C5C7-48E4-BBEE-383370694DC9}.Debug|x86.Build.0 = Debug|Any CPU
		{2236000B-C5C7-48E4-BBEE-383370694DC9}.Debug|x86.Deploy.0 = Debug|Any CPU
		{2236000B-C5C7-48E4-BBEE-383370694DC9}.Release|Any CPU.ActiveCfg = Release|Any CPU
		{2236000B-C5C7-48E4-BBEE-383370694DC9}.Release|Any CPU.Build.0 = Release|Any CPU
		{2236000B-C5C7-48E4-BBEE-383370694DC9}.Release|Any CPU.Deploy.0 = Release|Any CPU
		{2236000B-C5C7-48E4-BBEE-383370694DC9}.Release|ARM.ActiveCfg = Release|Any CPU
		{2236000B-C5C7-48E4-BBEE-383370694DC9}.Release|ARM.Build.0 = Release|Any CPU
		{2236000B-C5C7-48E4-BBEE-383370694DC9}.Release|ARM.Deploy.0 = Release|Any CPU
		{2236000B-C5C7-48E4-BBEE-383370694DC9}.Release|iPhone.ActiveCfg = Release|Any CPU
		{2236000B-C5C7-48E4-BBEE-383370694DC9}.Release|iPhone.Build.0 = Release|Any CPU
		{2236000B-C5C7-48E4-BBEE-383370694DC9}.Release|iPhone.Deploy.0 = Release|Any CPU
		{2236000B-C5C7-48E4-BBEE-383370694DC9}.Release|iPhoneSimulator.ActiveCfg = Release|Any CPU
		{2236000B-C5C7-48E4-BBEE-383370694DC9}.Release|iPhoneSimulator.Build.0 = Release|Any CPU
		{2236000B-C5C7-48E4-BBEE-383370694DC9}.Release|iPhoneSimulator.Deploy.0 = Release|Any CPU
		{2236000B-C5C7-48E4-BBEE-383370694DC9}.Release|x64.ActiveCfg = Release|Any CPU
		{2236000B-C5C7-48E4-BBEE-383370694DC9}.Release|x64.Build.0 = Release|Any CPU
		{2236000B-C5C7-48E4-BBEE-383370694DC9}.Release|x64.Deploy.0 = Release|Any CPU
		{2236000B-C5C7-48E4-BBEE-383370694DC9}.Release|x86.ActiveCfg = Release|Any CPU
		{2236000B-C5C7-48E4-BBEE-383370694DC9}.Release|x86.Build.0 = Release|Any CPU
		{2236000B-C5C7-48E4-BBEE-383370694DC9}.Release|x86.Deploy.0 = Release|Any CPU
	EndGlobalSection
	GlobalSection(SolutionProperties) = preSolution
		HideSolutionNode = FALSE
	EndGlobalSection
	GlobalSection(ExtensibilityGlobals) = postSolution
		SolutionGuid = {D5BF3E2C-54DF-484F-85FE-0AB03F20BC69}
	EndGlobalSection
EndGlobal
